// !$*UTF8*$!
{
	archiveVersion = 1;
	classes = {
	};
	objectVersion = 46;
	objects = {

/* Begin PBXBuildFile section */
		5B2D513D1F4EA39C00EE24B6 /* MenuScene.sks in Resources */ = {isa = PBXBuildFile; fileRef = 5B2D513C1F4EA39C00EE24B6 /* MenuScene.sks */; };
		5B2D51681F4EA56600EE24B6 /* MenuScene.swift in Sources */ = {isa = PBXBuildFile; fileRef = 5B2D51671F4EA56600EE24B6 /* MenuScene.swift */; };
		5B2D51BF1F4F83D300EE24B6 /* frame_0.png in Resources */ = {isa = PBXBuildFile; fileRef = 5B2D51911F4F83D300EE24B6 /* frame_0.png */; };
		5B2D51C01F4F83D300EE24B6 /* frame_1.png in Resources */ = {isa = PBXBuildFile; fileRef = 5B2D51921F4F83D300EE24B6 /* frame_1.png */; };
		5B2D51C11F4F83D300EE24B6 /* frame_2.png in Resources */ = {isa = PBXBuildFile; fileRef = 5B2D51931F4F83D300EE24B6 /* frame_2.png */; };
		5B2D51C21F4F83D300EE24B6 /* frame_3.png in Resources */ = {isa = PBXBuildFile; fileRef = 5B2D51941F4F83D300EE24B6 /* frame_3.png */; };
		5B2D51C31F4F83D300EE24B6 /* frame_4.png in Resources */ = {isa = PBXBuildFile; fileRef = 5B2D51951F4F83D300EE24B6 /* frame_4.png */; };
		5B2D51C41F4F83D300EE24B6 /* frame_5.png in Resources */ = {isa = PBXBuildFile; fileRef = 5B2D51961F4F83D300EE24B6 /* frame_5.png */; };
		5B2D51C51F4F83D300EE24B6 /* frame_6.png in Resources */ = {isa = PBXBuildFile; fileRef = 5B2D51971F4F83D300EE24B6 /* frame_6.png */; };
		5B2D51C61F4F83D300EE24B6 /* frame_7.png in Resources */ = {isa = PBXBuildFile; fileRef = 5B2D51981F4F83D300EE24B6 /* frame_7.png */; };
		5B2D51C71F4F83D300EE24B6 /* frame_8.png in Resources */ = {isa = PBXBuildFile; fileRef = 5B2D51991F4F83D300EE24B6 /* frame_8.png */; };
		5B2D51C81F4F83D300EE24B6 /* frame_9.png in Resources */ = {isa = PBXBuildFile; fileRef = 5B2D519A1F4F83D300EE24B6 /* frame_9.png */; };
		5B2D51C91F4F83D300EE24B6 /* frame_10.png in Resources */ = {isa = PBXBuildFile; fileRef = 5B2D519B1F4F83D300EE24B6 /* frame_10.png */; };
		5B2D51CA1F4F83D300EE24B6 /* frame_11.png in Resources */ = {isa = PBXBuildFile; fileRef = 5B2D519C1F4F83D300EE24B6 /* frame_11.png */; };
		5B2D51CB1F4F83D300EE24B6 /* frame_12.png in Resources */ = {isa = PBXBuildFile; fileRef = 5B2D519D1F4F83D300EE24B6 /* frame_12.png */; };
		5B2D51CC1F4F83D300EE24B6 /* frame_13.png in Resources */ = {isa = PBXBuildFile; fileRef = 5B2D519E1F4F83D300EE24B6 /* frame_13.png */; };
		5B2D51CD1F4F83D300EE24B6 /* frame_14.png in Resources */ = {isa = PBXBuildFile; fileRef = 5B2D519F1F4F83D300EE24B6 /* frame_14.png */; };
		5B2D51CE1F4F83D300EE24B6 /* frame_15.png in Resources */ = {isa = PBXBuildFile; fileRef = 5B2D51A01F4F83D300EE24B6 /* frame_15.png */; };
		5B2D51CF1F4F83D300EE24B6 /* frame_16.png in Resources */ = {isa = PBXBuildFile; fileRef = 5B2D51A11F4F83D300EE24B6 /* frame_16.png */; };
		5B2D51D01F4F83D300EE24B6 /* frame_17.png in Resources */ = {isa = PBXBuildFile; fileRef = 5B2D51A21F4F83D300EE24B6 /* frame_17.png */; };
		5B2D51D11F4F83D300EE24B6 /* frame_18.png in Resources */ = {isa = PBXBuildFile; fileRef = 5B2D51A31F4F83D300EE24B6 /* frame_18.png */; };
		5B2D51D21F4F83D300EE24B6 /* frame_19.png in Resources */ = {isa = PBXBuildFile; fileRef = 5B2D51A41F4F83D300EE24B6 /* frame_19.png */; };
		5B2D51D31F4F83D300EE24B6 /* frame_20.png in Resources */ = {isa = PBXBuildFile; fileRef = 5B2D51A51F4F83D300EE24B6 /* frame_20.png */; };
		5B2D51D41F4F83D300EE24B6 /* frame_21.png in Resources */ = {isa = PBXBuildFile; fileRef = 5B2D51A61F4F83D300EE24B6 /* frame_21.png */; };
		5B2D51D51F4F83D300EE24B6 /* frame_22.png in Resources */ = {isa = PBXBuildFile; fileRef = 5B2D51A71F4F83D300EE24B6 /* frame_22.png */; };
		5B2D51D61F4F83D300EE24B6 /* frame_23.png in Resources */ = {isa = PBXBuildFile; fileRef = 5B2D51A81F4F83D300EE24B6 /* frame_23.png */; };
		5B2D51D71F4F83D300EE24B6 /* frame_24.png in Resources */ = {isa = PBXBuildFile; fileRef = 5B2D51A91F4F83D300EE24B6 /* frame_24.png */; };
		5B2D51D81F4F83D300EE24B6 /* frame_25.png in Resources */ = {isa = PBXBuildFile; fileRef = 5B2D51AA1F4F83D300EE24B6 /* frame_25.png */; };
		5B2D51D91F4F83D300EE24B6 /* frame_26.png in Resources */ = {isa = PBXBuildFile; fileRef = 5B2D51AB1F4F83D300EE24B6 /* frame_26.png */; };
		5B2D51DA1F4F83D300EE24B6 /* frame_27.png in Resources */ = {isa = PBXBuildFile; fileRef = 5B2D51AC1F4F83D300EE24B6 /* frame_27.png */; };
		5B2D51DB1F4F83D300EE24B6 /* frame_28.png in Resources */ = {isa = PBXBuildFile; fileRef = 5B2D51AD1F4F83D300EE24B6 /* frame_28.png */; };
		5B2D51DC1F4F83D300EE24B6 /* frame_29.png in Resources */ = {isa = PBXBuildFile; fileRef = 5B2D51AE1F4F83D300EE24B6 /* frame_29.png */; };
		5B2D51DD1F4F83D300EE24B6 /* frame_30.png in Resources */ = {isa = PBXBuildFile; fileRef = 5B2D51AF1F4F83D300EE24B6 /* frame_30.png */; };
		5B2D51DE1F4F83D300EE24B6 /* frame_31.png in Resources */ = {isa = PBXBuildFile; fileRef = 5B2D51B01F4F83D300EE24B6 /* frame_31.png */; };
		5B2D51DF1F4F83D300EE24B6 /* frame_32.png in Resources */ = {isa = PBXBuildFile; fileRef = 5B2D51B11F4F83D300EE24B6 /* frame_32.png */; };
		5B2D51E01F4F83D300EE24B6 /* frame_33.png in Resources */ = {isa = PBXBuildFile; fileRef = 5B2D51B21F4F83D300EE24B6 /* frame_33.png */; };
		5B2D51E11F4F83D300EE24B6 /* frame_34.png in Resources */ = {isa = PBXBuildFile; fileRef = 5B2D51B31F4F83D300EE24B6 /* frame_34.png */; };
		5B2D51E21F4F83D300EE24B6 /* frame_35.png in Resources */ = {isa = PBXBuildFile; fileRef = 5B2D51B41F4F83D300EE24B6 /* frame_35.png */; };
		5B2D51E31F4F83D300EE24B6 /* frame_36.png in Resources */ = {isa = PBXBuildFile; fileRef = 5B2D51B51F4F83D300EE24B6 /* frame_36.png */; };
		5B2D51E41F4F83D300EE24B6 /* frame_37.png in Resources */ = {isa = PBXBuildFile; fileRef = 5B2D51B61F4F83D300EE24B6 /* frame_37.png */; };
		5B2D51E51F4F83D300EE24B6 /* frame_38.png in Resources */ = {isa = PBXBuildFile; fileRef = 5B2D51B71F4F83D300EE24B6 /* frame_38.png */; };
		5B2D51E61F4F83D300EE24B6 /* frame_39.png in Resources */ = {isa = PBXBuildFile; fileRef = 5B2D51B81F4F83D300EE24B6 /* frame_39.png */; };
		5B2D51E71F4F83D300EE24B6 /* frame_40.png in Resources */ = {isa = PBXBuildFile; fileRef = 5B2D51B91F4F83D300EE24B6 /* frame_40.png */; };
		5B2D51E81F4F83D300EE24B6 /* frame_41.png in Resources */ = {isa = PBXBuildFile; fileRef = 5B2D51BA1F4F83D300EE24B6 /* frame_41.png */; };
		5B2D51E91F4F83D300EE24B6 /* frame_42.png in Resources */ = {isa = PBXBuildFile; fileRef = 5B2D51BB1F4F83D300EE24B6 /* frame_42.png */; };
		5B2D51EA1F4F83D300EE24B6 /* frame_43.png in Resources */ = {isa = PBXBuildFile; fileRef = 5B2D51BC1F4F83D300EE24B6 /* frame_43.png */; };
		5B2D51EB1F4F83D300EE24B6 /* frame_44.png in Resources */ = {isa = PBXBuildFile; fileRef = 5B2D51BD1F4F83D300EE24B6 /* frame_44.png */; };
		5B2D51EC1F4F83D300EE24B6 /* frame_45.png in Resources */ = {isa = PBXBuildFile; fileRef = 5B2D51BE1F4F83D300EE24B6 /* frame_45.png */; };
		5B2D51EF1F4F9D4100EE24B6 /* SFXOpeningOcean.wav in Resources */ = {isa = PBXBuildFile; fileRef = 5B2D51EE1F4F9D4100EE24B6 /* SFXOpeningOcean.wav */; };
		5B2D51F11F4F9F5500EE24B6 /* horn.wav in Resources */ = {isa = PBXBuildFile; fileRef = 5B2D51F01F4F9F5500EE24B6 /* horn.wav */; };
		5B4915021F50A87100493575 /* GameSceneSFX.wav in Resources */ = {isa = PBXBuildFile; fileRef = 5B4915011F50A87100493575 /* GameSceneSFX.wav */; };
		5B49150A1F50AA1000493575 /* lose.wav in Resources */ = {isa = PBXBuildFile; fileRef = 5B4915031F50AA1000493575 /* lose.wav */; };
		5B49150B1F50AA1000493575 /* BoatSpawn.wav in Resources */ = {isa = PBXBuildFile; fileRef = 5B4915041F50AA1000493575 /* BoatSpawn.wav */; };
		5B49150C1F50AA1000493575 /* fogHorn.wav in Resources */ = {isa = PBXBuildFile; fileRef = 5B4915051F50AA1000493575 /* fogHorn.wav */; };
		5B49150E1F50AA1000493575 /* woo1.wav in Resources */ = {isa = PBXBuildFile; fileRef = 5B4915071F50AA1000493575 /* woo1.wav */; };
		5B49150F1F50AA1000493575 /* woo2.wav in Resources */ = {isa = PBXBuildFile; fileRef = 5B4915081F50AA1000493575 /* woo2.wav */; };
		5B4915101F50AA1000493575 /* wooSpecial.wav in Resources */ = {isa = PBXBuildFile; fileRef = 5B4915091F50AA1000493575 /* wooSpecial.wav */; };
		5B4915121F50AC9500493575 /* seasSounds.wav in Resources */ = {isa = PBXBuildFile; fileRef = 5B4915111F50AC9500493575 /* seasSounds.wav */; };
		5B4915181F50C4AC00493575 /* SFXSeagulls.wav in Resources */ = {isa = PBXBuildFile; fileRef = 5B4915171F50C4AC00493575 /* SFXSeagulls.wav */; };
		5B49151A1F50EB1F00493575 /* SpawnSystem.swift in Sources */ = {isa = PBXBuildFile; fileRef = 5B4915191F50EB1F00493575 /* SpawnSystem.swift */; };
		5B49151C1F510CC400493575 /* ScoringSystem.swift in Sources */ = {isa = PBXBuildFile; fileRef = 5B49151B1F510CC400493575 /* ScoringSystem.swift */; };
		5BE49A681F4B7B2000CCF704 /* AppDelegate.swift in Sources */ = {isa = PBXBuildFile; fileRef = 5BE49A671F4B7B2000CCF704 /* AppDelegate.swift */; };
		5BE49A6A1F4B7B2000CCF704 /* GameScene.sks in Resources */ = {isa = PBXBuildFile; fileRef = 5BE49A691F4B7B2000CCF704 /* GameScene.sks */; };
		5BE49A6E1F4B7B2000CCF704 /* GameScene.swift in Sources */ = {isa = PBXBuildFile; fileRef = 5BE49A6D1F4B7B2000CCF704 /* GameScene.swift */; };
		5BE49A701F4B7B2000CCF704 /* GameViewController.swift in Sources */ = {isa = PBXBuildFile; fileRef = 5BE49A6F1F4B7B2000CCF704 /* GameViewController.swift */; };
		5BE49A731F4B7B2000CCF704 /* Main.storyboard in Resources */ = {isa = PBXBuildFile; fileRef = 5BE49A711F4B7B2000CCF704 /* Main.storyboard */; };
		5BE49A751F4B7B2000CCF704 /* Assets.xcassets in Resources */ = {isa = PBXBuildFile; fileRef = 5BE49A741F4B7B2000CCF704 /* Assets.xcassets */; };
		5BE49A781F4B7B2000CCF704 /* LaunchScreen.storyboard in Resources */ = {isa = PBXBuildFile; fileRef = 5BE49A761F4B7B2000CCF704 /* LaunchScreen.storyboard */; };
		5BE49A8C1F4D00EA00CCF704 /* Boat.swift in Sources */ = {isa = PBXBuildFile; fileRef = 5BE49A8B1F4D00EA00CCF704 /* Boat.swift */; };
		72FCA5CB1F4F8F990069945C /* Bird.m in Sources */ = {isa = PBXBuildFile; fileRef = 72FCA5CA1F4F8F990069945C /* Bird.m */; };
/* End PBXBuildFile section */

/* Begin PBXFileReference section */
		5B2D513C1F4EA39C00EE24B6 /* MenuScene.sks */ = {isa = PBXFileReference; lastKnownFileType = file.sks; path = MenuScene.sks; sourceTree = "<group>"; };
		5B2D51671F4EA56600EE24B6 /* MenuScene.swift */ = {isa = PBXFileReference; fileEncoding = 4; lastKnownFileType = sourcecode.swift; path = MenuScene.swift; sourceTree = "<group>"; };
		5B2D51911F4F83D300EE24B6 /* frame_0.png */ = {isa = PBXFileReference; lastKnownFileType = image.png; path = frame_0.png; sourceTree = "<group>"; };
		5B2D51921F4F83D300EE24B6 /* frame_1.png */ = {isa = PBXFileReference; lastKnownFileType = image.png; path = frame_1.png; sourceTree = "<group>"; };
		5B2D51931F4F83D300EE24B6 /* frame_2.png */ = {isa = PBXFileReference; lastKnownFileType = image.png; path = frame_2.png; sourceTree = "<group>"; };
		5B2D51941F4F83D300EE24B6 /* frame_3.png */ = {isa = PBXFileReference; lastKnownFileType = image.png; path = frame_3.png; sourceTree = "<group>"; };
		5B2D51951F4F83D300EE24B6 /* frame_4.png */ = {isa = PBXFileReference; lastKnownFileType = image.png; path = frame_4.png; sourceTree = "<group>"; };
		5B2D51961F4F83D300EE24B6 /* frame_5.png */ = {isa = PBXFileReference; lastKnownFileType = image.png; path = frame_5.png; sourceTree = "<group>"; };
		5B2D51971F4F83D300EE24B6 /* frame_6.png */ = {isa = PBXFileReference; lastKnownFileType = image.png; path = frame_6.png; sourceTree = "<group>"; };
		5B2D51981F4F83D300EE24B6 /* frame_7.png */ = {isa = PBXFileReference; lastKnownFileType = image.png; path = frame_7.png; sourceTree = "<group>"; };
		5B2D51991F4F83D300EE24B6 /* frame_8.png */ = {isa = PBXFileReference; lastKnownFileType = image.png; path = frame_8.png; sourceTree = "<group>"; };
		5B2D519A1F4F83D300EE24B6 /* frame_9.png */ = {isa = PBXFileReference; lastKnownFileType = image.png; path = frame_9.png; sourceTree = "<group>"; };
		5B2D519B1F4F83D300EE24B6 /* frame_10.png */ = {isa = PBXFileReference; lastKnownFileType = image.png; path = frame_10.png; sourceTree = "<group>"; };
		5B2D519C1F4F83D300EE24B6 /* frame_11.png */ = {isa = PBXFileReference; lastKnownFileType = image.png; path = frame_11.png; sourceTree = "<group>"; };
		5B2D519D1F4F83D300EE24B6 /* frame_12.png */ = {isa = PBXFileReference; lastKnownFileType = image.png; path = frame_12.png; sourceTree = "<group>"; };
		5B2D519E1F4F83D300EE24B6 /* frame_13.png */ = {isa = PBXFileReference; lastKnownFileType = image.png; path = frame_13.png; sourceTree = "<group>"; };
		5B2D519F1F4F83D300EE24B6 /* frame_14.png */ = {isa = PBXFileReference; lastKnownFileType = image.png; path = frame_14.png; sourceTree = "<group>"; };
		5B2D51A01F4F83D300EE24B6 /* frame_15.png */ = {isa = PBXFileReference; lastKnownFileType = image.png; path = frame_15.png; sourceTree = "<group>"; };
		5B2D51A11F4F83D300EE24B6 /* frame_16.png */ = {isa = PBXFileReference; lastKnownFileType = image.png; path = frame_16.png; sourceTree = "<group>"; };
		5B2D51A21F4F83D300EE24B6 /* frame_17.png */ = {isa = PBXFileReference; lastKnownFileType = image.png; path = frame_17.png; sourceTree = "<group>"; };
		5B2D51A31F4F83D300EE24B6 /* frame_18.png */ = {isa = PBXFileReference; lastKnownFileType = image.png; path = frame_18.png; sourceTree = "<group>"; };
		5B2D51A41F4F83D300EE24B6 /* frame_19.png */ = {isa = PBXFileReference; lastKnownFileType = image.png; path = frame_19.png; sourceTree = "<group>"; };
		5B2D51A51F4F83D300EE24B6 /* frame_20.png */ = {isa = PBXFileReference; lastKnownFileType = image.png; path = frame_20.png; sourceTree = "<group>"; };
		5B2D51A61F4F83D300EE24B6 /* frame_21.png */ = {isa = PBXFileReference; lastKnownFileType = image.png; path = frame_21.png; sourceTree = "<group>"; };
		5B2D51A71F4F83D300EE24B6 /* frame_22.png */ = {isa = PBXFileReference; lastKnownFileType = image.png; path = frame_22.png; sourceTree = "<group>"; };
		5B2D51A81F4F83D300EE24B6 /* frame_23.png */ = {isa = PBXFileReference; lastKnownFileType = image.png; path = frame_23.png; sourceTree = "<group>"; };
		5B2D51A91F4F83D300EE24B6 /* frame_24.png */ = {isa = PBXFileReference; lastKnownFileType = image.png; path = frame_24.png; sourceTree = "<group>"; };
		5B2D51AA1F4F83D300EE24B6 /* frame_25.png */ = {isa = PBXFileReference; lastKnownFileType = image.png; path = frame_25.png; sourceTree = "<group>"; };
		5B2D51AB1F4F83D300EE24B6 /* frame_26.png */ = {isa = PBXFileReference; lastKnownFileType = image.png; path = frame_26.png; sourceTree = "<group>"; };
		5B2D51AC1F4F83D300EE24B6 /* frame_27.png */ = {isa = PBXFileReference; lastKnownFileType = image.png; path = frame_27.png; sourceTree = "<group>"; };
		5B2D51AD1F4F83D300EE24B6 /* frame_28.png */ = {isa = PBXFileReference; lastKnownFileType = image.png; path = frame_28.png; sourceTree = "<group>"; };
		5B2D51AE1F4F83D300EE24B6 /* frame_29.png */ = {isa = PBXFileReference; lastKnownFileType = image.png; path = frame_29.png; sourceTree = "<group>"; };
		5B2D51AF1F4F83D300EE24B6 /* frame_30.png */ = {isa = PBXFileReference; lastKnownFileType = image.png; path = frame_30.png; sourceTree = "<group>"; };
		5B2D51B01F4F83D300EE24B6 /* frame_31.png */ = {isa = PBXFileReference; lastKnownFileType = image.png; path = frame_31.png; sourceTree = "<group>"; };
		5B2D51B11F4F83D300EE24B6 /* frame_32.png */ = {isa = PBXFileReference; lastKnownFileType = image.png; path = frame_32.png; sourceTree = "<group>"; };
		5B2D51B21F4F83D300EE24B6 /* frame_33.png */ = {isa = PBXFileReference; lastKnownFileType = image.png; path = frame_33.png; sourceTree = "<group>"; };
		5B2D51B31F4F83D300EE24B6 /* frame_34.png */ = {isa = PBXFileReference; lastKnownFileType = image.png; path = frame_34.png; sourceTree = "<group>"; };
		5B2D51B41F4F83D300EE24B6 /* frame_35.png */ = {isa = PBXFileReference; lastKnownFileType = image.png; path = frame_35.png; sourceTree = "<group>"; };
		5B2D51B51F4F83D300EE24B6 /* frame_36.png */ = {isa = PBXFileReference; lastKnownFileType = image.png; path = frame_36.png; sourceTree = "<group>"; };
		5B2D51B61F4F83D300EE24B6 /* frame_37.png */ = {isa = PBXFileReference; lastKnownFileType = image.png; path = frame_37.png; sourceTree = "<group>"; };
		5B2D51B71F4F83D300EE24B6 /* frame_38.png */ = {isa = PBXFileReference; lastKnownFileType = image.png; path = frame_38.png; sourceTree = "<group>"; };
		5B2D51B81F4F83D300EE24B6 /* frame_39.png */ = {isa = PBXFileReference; lastKnownFileType = image.png; path = frame_39.png; sourceTree = "<group>"; };
		5B2D51B91F4F83D300EE24B6 /* frame_40.png */ = {isa = PBXFileReference; lastKnownFileType = image.png; path = frame_40.png; sourceTree = "<group>"; };
		5B2D51BA1F4F83D300EE24B6 /* frame_41.png */ = {isa = PBXFileReference; lastKnownFileType = image.png; path = frame_41.png; sourceTree = "<group>"; };
		5B2D51BB1F4F83D300EE24B6 /* frame_42.png */ = {isa = PBXFileReference; lastKnownFileType = image.png; path = frame_42.png; sourceTree = "<group>"; };
		5B2D51BC1F4F83D300EE24B6 /* frame_43.png */ = {isa = PBXFileReference; lastKnownFileType = image.png; path = frame_43.png; sourceTree = "<group>"; };
		5B2D51BD1F4F83D300EE24B6 /* frame_44.png */ = {isa = PBXFileReference; lastKnownFileType = image.png; path = frame_44.png; sourceTree = "<group>"; };
		5B2D51BE1F4F83D300EE24B6 /* frame_45.png */ = {isa = PBXFileReference; lastKnownFileType = image.png; path = frame_45.png; sourceTree = "<group>"; };
		5B2D51EE1F4F9D4100EE24B6 /* SFXOpeningOcean.wav */ = {isa = PBXFileReference; lastKnownFileType = audio.wav; path = SFXOpeningOcean.wav; sourceTree = "<group>"; };
		5B2D51F01F4F9F5500EE24B6 /* horn.wav */ = {isa = PBXFileReference; lastKnownFileType = audio.wav; path = horn.wav; sourceTree = "<group>"; };
		5B4915011F50A87100493575 /* GameSceneSFX.wav */ = {isa = PBXFileReference; lastKnownFileType = audio.wav; path = GameSceneSFX.wav; sourceTree = "<group>"; };
		5B4915031F50AA1000493575 /* lose.wav */ = {isa = PBXFileReference; lastKnownFileType = audio.wav; path = lose.wav; sourceTree = "<group>"; };
		5B4915041F50AA1000493575 /* BoatSpawn.wav */ = {isa = PBXFileReference; lastKnownFileType = audio.wav; path = BoatSpawn.wav; sourceTree = "<group>"; };
		5B4915051F50AA1000493575 /* fogHorn.wav */ = {isa = PBXFileReference; lastKnownFileType = audio.wav; path = fogHorn.wav; sourceTree = "<group>"; };
		5B4915071F50AA1000493575 /* woo1.wav */ = {isa = PBXFileReference; lastKnownFileType = audio.wav; path = woo1.wav; sourceTree = "<group>"; };
		5B4915081F50AA1000493575 /* woo2.wav */ = {isa = PBXFileReference; lastKnownFileType = audio.wav; path = woo2.wav; sourceTree = "<group>"; };
		5B4915091F50AA1000493575 /* wooSpecial.wav */ = {isa = PBXFileReference; lastKnownFileType = audio.wav; path = wooSpecial.wav; sourceTree = "<group>"; };
		5B4915111F50AC9500493575 /* seasSounds.wav */ = {isa = PBXFileReference; lastKnownFileType = audio.wav; path = seasSounds.wav; sourceTree = "<group>"; };
		5B4915171F50C4AC00493575 /* SFXSeagulls.wav */ = {isa = PBXFileReference; lastKnownFileType = audio.wav; path = SFXSeagulls.wav; sourceTree = "<group>"; };
		5B4915191F50EB1F00493575 /* SpawnSystem.swift */ = {isa = PBXFileReference; fileEncoding = 4; lastKnownFileType = sourcecode.swift; path = SpawnSystem.swift; sourceTree = "<group>"; };
		5B49151B1F510CC400493575 /* ScoringSystem.swift */ = {isa = PBXFileReference; fileEncoding = 4; lastKnownFileType = sourcecode.swift; path = ScoringSystem.swift; sourceTree = "<group>"; };
		5BE49A641F4B7B2000CCF704 /* Knots.app */ = {isa = PBXFileReference; explicitFileType = wrapper.application; includeInIndex = 0; path = Knots.app; sourceTree = BUILT_PRODUCTS_DIR; };
		5BE49A671F4B7B2000CCF704 /* AppDelegate.swift */ = {isa = PBXFileReference; lastKnownFileType = sourcecode.swift; path = AppDelegate.swift; sourceTree = "<group>"; };
		5BE49A691F4B7B2000CCF704 /* GameScene.sks */ = {isa = PBXFileReference; lastKnownFileType = file.sks; path = GameScene.sks; sourceTree = "<group>"; };
		5BE49A6D1F4B7B2000CCF704 /* GameScene.swift */ = {isa = PBXFileReference; lastKnownFileType = sourcecode.swift; path = GameScene.swift; sourceTree = "<group>"; };
		5BE49A6F1F4B7B2000CCF704 /* GameViewController.swift */ = {isa = PBXFileReference; lastKnownFileType = sourcecode.swift; path = GameViewController.swift; sourceTree = "<group>"; };
		5BE49A721F4B7B2000CCF704 /* Base */ = {isa = PBXFileReference; lastKnownFileType = file.storyboard; name = Base; path = Base.lproj/Main.storyboard; sourceTree = "<group>"; };
		5BE49A741F4B7B2000CCF704 /* Assets.xcassets */ = {isa = PBXFileReference; lastKnownFileType = folder.assetcatalog; path = Assets.xcassets; sourceTree = "<group>"; };
		5BE49A771F4B7B2000CCF704 /* Base */ = {isa = PBXFileReference; lastKnownFileType = file.storyboard; name = Base; path = Base.lproj/LaunchScreen.storyboard; sourceTree = "<group>"; };
		5BE49A791F4B7B2000CCF704 /* Info.plist */ = {isa = PBXFileReference; lastKnownFileType = text.plist.xml; path = Info.plist; sourceTree = "<group>"; };
		5BE49A8B1F4D00EA00CCF704 /* Boat.swift */ = {isa = PBXFileReference; fileEncoding = 4; lastKnownFileType = sourcecode.swift; path = Boat.swift; sourceTree = "<group>"; };
		72FCA5C81F4F8F990069945C /* Knots-Bridging-Header.h */ = {isa = PBXFileReference; lastKnownFileType = sourcecode.c.h; path = "Knots-Bridging-Header.h"; sourceTree = "<group>"; };
		72FCA5C91F4F8F990069945C /* Bird.h */ = {isa = PBXFileReference; fileEncoding = 4; lastKnownFileType = sourcecode.c.h; name = Bird.h; path = ../Bird.h; sourceTree = "<group>"; };
		72FCA5CA1F4F8F990069945C /* Bird.m */ = {isa = PBXFileReference; fileEncoding = 4; lastKnownFileType = sourcecode.c.objc; name = Bird.m; path = ../Bird.m; sourceTree = "<group>"; };
/* End PBXFileReference section */

/* Begin PBXFrameworksBuildPhase section */
		5BE49A611F4B7B2000CCF704 /* Frameworks */ = {
			isa = PBXFrameworksBuildPhase;
			buildActionMask = 2147483647;
			files = (
			);
			runOnlyForDeploymentPostprocessing = 0;
		};
/* End PBXFrameworksBuildPhase section */

/* Begin PBXGroup section */
		5B2D513E1F4EA3E500EE24B6 /* img */ = {
			isa = PBXGroup;
			children = (
				5B2D51911F4F83D300EE24B6 /* frame_0.png */,
				5B2D51921F4F83D300EE24B6 /* frame_1.png */,
				5B2D51931F4F83D300EE24B6 /* frame_2.png */,
				5B2D51941F4F83D300EE24B6 /* frame_3.png */,
				5B2D51951F4F83D300EE24B6 /* frame_4.png */,
				5B2D51961F4F83D300EE24B6 /* frame_5.png */,
				5B2D51971F4F83D300EE24B6 /* frame_6.png */,
				5B2D51981F4F83D300EE24B6 /* frame_7.png */,
				5B2D51991F4F83D300EE24B6 /* frame_8.png */,
				5B2D519A1F4F83D300EE24B6 /* frame_9.png */,
				5B2D519B1F4F83D300EE24B6 /* frame_10.png */,
				5B2D519C1F4F83D300EE24B6 /* frame_11.png */,
				5B2D519D1F4F83D300EE24B6 /* frame_12.png */,
				5B2D519E1F4F83D300EE24B6 /* frame_13.png */,
				5B2D519F1F4F83D300EE24B6 /* frame_14.png */,
				5B2D51A01F4F83D300EE24B6 /* frame_15.png */,
				5B2D51A11F4F83D300EE24B6 /* frame_16.png */,
				5B2D51A21F4F83D300EE24B6 /* frame_17.png */,
				5B2D51A31F4F83D300EE24B6 /* frame_18.png */,
				5B2D51A41F4F83D300EE24B6 /* frame_19.png */,
				5B2D51A51F4F83D300EE24B6 /* frame_20.png */,
				5B2D51A61F4F83D300EE24B6 /* frame_21.png */,
				5B2D51A71F4F83D300EE24B6 /* frame_22.png */,
				5B2D51A81F4F83D300EE24B6 /* frame_23.png */,
				5B2D51A91F4F83D300EE24B6 /* frame_24.png */,
				5B2D51AA1F4F83D300EE24B6 /* frame_25.png */,
				5B2D51AB1F4F83D300EE24B6 /* frame_26.png */,
				5B2D51AC1F4F83D300EE24B6 /* frame_27.png */,
				5B2D51AD1F4F83D300EE24B6 /* frame_28.png */,
				5B2D51AE1F4F83D300EE24B6 /* frame_29.png */,
				5B2D51AF1F4F83D300EE24B6 /* frame_30.png */,
				5B2D51B01F4F83D300EE24B6 /* frame_31.png */,
				5B2D51B11F4F83D300EE24B6 /* frame_32.png */,
				5B2D51B21F4F83D300EE24B6 /* frame_33.png */,
				5B2D51B31F4F83D300EE24B6 /* frame_34.png */,
				5B2D51B41F4F83D300EE24B6 /* frame_35.png */,
				5B2D51B51F4F83D300EE24B6 /* frame_36.png */,
				5B2D51B61F4F83D300EE24B6 /* frame_37.png */,
				5B2D51B71F4F83D300EE24B6 /* frame_38.png */,
				5B2D51B81F4F83D300EE24B6 /* frame_39.png */,
				5B2D51B91F4F83D300EE24B6 /* frame_40.png */,
				5B2D51BA1F4F83D300EE24B6 /* frame_41.png */,
				5B2D51BB1F4F83D300EE24B6 /* frame_42.png */,
				5B2D51BC1F4F83D300EE24B6 /* frame_43.png */,
				5B2D51BD1F4F83D300EE24B6 /* frame_44.png */,
				5B2D51BE1F4F83D300EE24B6 /* frame_45.png */,
			);
			name = img;
			sourceTree = "<group>";
		};
		5B2D51ED1F4F9C7000EE24B6 /* sfx */ = {
			isa = PBXGroup;
			children = (
				5B4915031F50AA1000493575 /* lose.wav */,
				5B4915041F50AA1000493575 /* BoatSpawn.wav */,
				5B4915051F50AA1000493575 /* fogHorn.wav */,
				5B4915171F50C4AC00493575 /* SFXSeagulls.wav */,
				5B4915111F50AC9500493575 /* seasSounds.wav */,
				5B4915071F50AA1000493575 /* woo1.wav */,
				5B4915081F50AA1000493575 /* woo2.wav */,
				5B4915091F50AA1000493575 /* wooSpecial.wav */,
				5B4915011F50A87100493575 /* GameSceneSFX.wav */,
				5B2D51F01F4F9F5500EE24B6 /* horn.wav */,
				5B2D51EE1F4F9D4100EE24B6 /* SFXOpeningOcean.wav */,
			);
			name = sfx;
			sourceTree = "<group>";
		};
		5BE49A5B1F4B7B1F00CCF704 = {
			isa = PBXGroup;
			children = (
				5BE49A661F4B7B2000CCF704 /* Knots */,
				5BE49A651F4B7B2000CCF704 /* Products */,
				72FCA5C81F4F8F990069945C /* Knots-Bridging-Header.h */,
			);
			sourceTree = "<group>";
		};
		5BE49A651F4B7B2000CCF704 /* Products */ = {
			isa = PBXGroup;
			children = (
				5BE49A641F4B7B2000CCF704 /* Knots.app */,
			);
			name = Products;
			sourceTree = "<group>";
		};
		5BE49A661F4B7B2000CCF704 /* Knots */ = {
			isa = PBXGroup;
			children = (
				5B2D51ED1F4F9C7000EE24B6 /* sfx */,
				5B2D513E1F4EA3E500EE24B6 /* img */,
				5BE49A7F1F4B858700CCF704 /* Scenes */,
				5BE49A801F4B85FB00CCF704 /* GameScripts */,
				5BE49A671F4B7B2000CCF704 /* AppDelegate.swift */,
				5BE49A6F1F4B7B2000CCF704 /* GameViewController.swift */,
				5BE49A711F4B7B2000CCF704 /* Main.storyboard */,
				5BE49A741F4B7B2000CCF704 /* Assets.xcassets */,
				5BE49A761F4B7B2000CCF704 /* LaunchScreen.storyboard */,
				5BE49A791F4B7B2000CCF704 /* Info.plist */,
			);
			path = Knots;
			sourceTree = "<group>";
		};
		5BE49A7F1F4B858700CCF704 /* Scenes */ = {
			isa = PBXGroup;
			children = (
				5BE49A691F4B7B2000CCF704 /* GameScene.sks */,
				5B2D513C1F4EA39C00EE24B6 /* MenuScene.sks */,
			);
			name = Scenes;
			sourceTree = "<group>";
		};
		5BE49A801F4B85FB00CCF704 /* GameScripts */ = {
			isa = PBXGroup;
			children = (
				72FCA5C91F4F8F990069945C /* Bird.h */,
				72FCA5CA1F4F8F990069945C /* Bird.m */,
				5BE49A6D1F4B7B2000CCF704 /* GameScene.swift */,
				5BE49A8B1F4D00EA00CCF704 /* Boat.swift */,
				5B2D51671F4EA56600EE24B6 /* MenuScene.swift */,
				5B4915191F50EB1F00493575 /* SpawnSystem.swift */,
				5B49151B1F510CC400493575 /* ScoringSystem.swift */,
			);
			name = GameScripts;
			sourceTree = "<group>";
		};
/* End PBXGroup section */

/* Begin PBXNativeTarget section */
		5BE49A631F4B7B2000CCF704 /* Knots */ = {
			isa = PBXNativeTarget;
			buildConfigurationList = 5BE49A7C1F4B7B2000CCF704 /* Build configuration list for PBXNativeTarget "Knots" */;
			buildPhases = (
				5BE49A601F4B7B2000CCF704 /* Sources */,
				5BE49A611F4B7B2000CCF704 /* Frameworks */,
				5BE49A621F4B7B2000CCF704 /* Resources */,
			);
			buildRules = (
			);
			dependencies = (
			);
			name = Knots;
			productName = Knots;
			productReference = 5BE49A641F4B7B2000CCF704 /* Knots.app */;
			productType = "com.apple.product-type.application";
		};
/* End PBXNativeTarget section */

/* Begin PBXProject section */
		5BE49A5C1F4B7B2000CCF704 /* Project object */ = {
			isa = PBXProject;
			attributes = {
				LastSwiftUpdateCheck = 0830;
				LastUpgradeCheck = 0830;
				ORGANIZATIONNAME = "Martin Tsang";
				TargetAttributes = {
					5BE49A631F4B7B2000CCF704 = {
						CreatedOnToolsVersion = 8.3;
						LastSwiftMigration = 0830;
						ProvisioningStyle = Automatic;
					};
				};
			};
			buildConfigurationList = 5BE49A5F1F4B7B2000CCF704 /* Build configuration list for PBXProject "Knots" */;
			compatibilityVersion = "Xcode 3.2";
			developmentRegion = English;
			hasScannedForEncodings = 0;
			knownRegions = (
				en,
				Base,
			);
			mainGroup = 5BE49A5B1F4B7B1F00CCF704;
			productRefGroup = 5BE49A651F4B7B2000CCF704 /* Products */;
			projectDirPath = "";
			projectRoot = "";
			targets = (
				5BE49A631F4B7B2000CCF704 /* Knots */,
			);
		};
/* End PBXProject section */

/* Begin PBXResourcesBuildPhase section */
		5BE49A621F4B7B2000CCF704 /* Resources */ = {
			isa = PBXResourcesBuildPhase;
			buildActionMask = 2147483647;
			files = (
				5B49150A1F50AA1000493575 /* lose.wav in Resources */,
				5B2D51E41F4F83D300EE24B6 /* frame_37.png in Resources */,
				5B2D51C21F4F83D300EE24B6 /* frame_3.png in Resources */,
				5B2D51D51F4F83D300EE24B6 /* frame_22.png in Resources */,
				5B2D51C41F4F83D300EE24B6 /* frame_5.png in Resources */,
				5B49150C1F50AA1000493575 /* fogHorn.wav in Resources */,
				5B2D51CD1F4F83D300EE24B6 /* frame_14.png in Resources */,
				5B2D51E01F4F83D300EE24B6 /* frame_33.png in Resources */,
				5B2D51EA1F4F83D300EE24B6 /* frame_43.png in Resources */,
				5B2D51EB1F4F83D300EE24B6 /* frame_44.png in Resources */,
				5B4915101F50AA1000493575 /* wooSpecial.wav in Resources */,
				5B2D51BF1F4F83D300EE24B6 /* frame_0.png in Resources */,
				5B2D51C01F4F83D300EE24B6 /* frame_1.png in Resources */,
				5B2D51DF1F4F83D300EE24B6 /* frame_32.png in Resources */,
				5B2D51C11F4F83D300EE24B6 /* frame_2.png in Resources */,
				5B2D51D71F4F83D300EE24B6 /* frame_24.png in Resources */,
				5B49150F1F50AA1000493575 /* woo2.wav in Resources */,
				5B2D51EC1F4F83D300EE24B6 /* frame_45.png in Resources */,
				5BE49A731F4B7B2000CCF704 /* Main.storyboard in Resources */,
				5B2D51D81F4F83D300EE24B6 /* frame_25.png in Resources */,
				5B2D51CC1F4F83D300EE24B6 /* frame_13.png in Resources */,
				5B2D51C81F4F83D300EE24B6 /* frame_9.png in Resources */,
				5B2D51E71F4F83D300EE24B6 /* frame_40.png in Resources */,
				5B2D51C51F4F83D300EE24B6 /* frame_6.png in Resources */,
				5B2D51DB1F4F83D300EE24B6 /* frame_28.png in Resources */,
				5B2D51DA1F4F83D300EE24B6 /* frame_27.png in Resources */,
				5B2D51D11F4F83D300EE24B6 /* frame_18.png in Resources */,
				5B2D51C61F4F83D300EE24B6 /* frame_7.png in Resources */,
				5B2D51C71F4F83D300EE24B6 /* frame_8.png in Resources */,
				5B2D51D01F4F83D300EE24B6 /* frame_17.png in Resources */,
				5B2D51D91F4F83D300EE24B6 /* frame_26.png in Resources */,
				5B2D51EF1F4F9D4100EE24B6 /* SFXOpeningOcean.wav in Resources */,
				5B2D51CB1F4F83D300EE24B6 /* frame_12.png in Resources */,
				5B2D51C91F4F83D300EE24B6 /* frame_10.png in Resources */,
				5B2D51DE1F4F83D300EE24B6 /* frame_31.png in Resources */,
				5B2D51DC1F4F83D300EE24B6 /* frame_29.png in Resources */,
				5BE49A6A1F4B7B2000CCF704 /* GameScene.sks in Resources */,
				5B2D51E21F4F83D300EE24B6 /* frame_35.png in Resources */,
				5B4915181F50C4AC00493575 /* SFXSeagulls.wav in Resources */,
				5B2D51E31F4F83D300EE24B6 /* frame_36.png in Resources */,
				5B2D51E91F4F83D300EE24B6 /* frame_42.png in Resources */,
				5B2D51E81F4F83D300EE24B6 /* frame_41.png in Resources */,
				5B2D51D31F4F83D300EE24B6 /* frame_20.png in Resources */,
				5B4915021F50A87100493575 /* GameSceneSFX.wav in Resources */,
				5B49150B1F50AA1000493575 /* BoatSpawn.wav in Resources */,
				5B2D51C31F4F83D300EE24B6 /* frame_4.png in Resources */,
				5B2D51E51F4F83D300EE24B6 /* frame_38.png in Resources */,
				5B2D51D41F4F83D300EE24B6 /* frame_21.png in Resources */,
				5B2D51CF1F4F83D300EE24B6 /* frame_16.png in Resources */,
				5B2D51F11F4F9F5500EE24B6 /* horn.wav in Resources */,
				5B2D51DD1F4F83D300EE24B6 /* frame_30.png in Resources */,
				5B2D51E11F4F83D300EE24B6 /* frame_34.png in Resources */,
				5B49150E1F50AA1000493575 /* woo1.wav in Resources */,
				5B2D51E61F4F83D300EE24B6 /* frame_39.png in Resources */,
				5B2D51CE1F4F83D300EE24B6 /* frame_15.png in Resources */,
				5B2D51CA1F4F83D300EE24B6 /* frame_11.png in Resources */,
				5B4915121F50AC9500493575 /* seasSounds.wav in Resources */,
				5BE49A751F4B7B2000CCF704 /* Assets.xcassets in Resources */,
				5B2D51D21F4F83D300EE24B6 /* frame_19.png in Resources */,
				5B2D513D1F4EA39C00EE24B6 /* MenuScene.sks in Resources */,
				5BE49A781F4B7B2000CCF704 /* LaunchScreen.storyboard in Resources */,
				5B2D51D61F4F83D300EE24B6 /* frame_23.png in Resources */,
			);
			runOnlyForDeploymentPostprocessing = 0;
		};
/* End PBXResourcesBuildPhase section */

/* Begin PBXSourcesBuildPhase section */
		5BE49A601F4B7B2000CCF704 /* Sources */ = {
			isa = PBXSourcesBuildPhase;
			buildActionMask = 2147483647;
			files = (
				5B49151C1F510CC400493575 /* ScoringSystem.swift in Sources */,
				5BE49A6E1F4B7B2000CCF704 /* GameScene.swift in Sources */,
				5BE49A701F4B7B2000CCF704 /* GameViewController.swift in Sources */,
				72FCA5CB1F4F8F990069945C /* Bird.m in Sources */,
				5B2D51681F4EA56600EE24B6 /* MenuScene.swift in Sources */,
				5BE49A681F4B7B2000CCF704 /* AppDelegate.swift in Sources */,
				5BE49A8C1F4D00EA00CCF704 /* Boat.swift in Sources */,
				5B49151A1F50EB1F00493575 /* SpawnSystem.swift in Sources */,
			);
			runOnlyForDeploymentPostprocessing = 0;
		};
/* End PBXSourcesBuildPhase section */

/* Begin PBXVariantGroup section */
		5BE49A711F4B7B2000CCF704 /* Main.storyboard */ = {
			isa = PBXVariantGroup;
			children = (
				5BE49A721F4B7B2000CCF704 /* Base */,
			);
			name = Main.storyboard;
			sourceTree = "<group>";
		};
		5BE49A761F4B7B2000CCF704 /* LaunchScreen.storyboard */ = {
			isa = PBXVariantGroup;
			children = (
				5BE49A771F4B7B2000CCF704 /* Base */,
			);
			name = LaunchScreen.storyboard;
			sourceTree = "<group>";
		};
/* End PBXVariantGroup section */

/* Begin XCBuildConfiguration section */
		5BE49A7A1F4B7B2000CCF704 /* Debug */ = {
			isa = XCBuildConfiguration;
			buildSettings = {
				ALWAYS_SEARCH_USER_PATHS = NO;
				CLANG_ANALYZER_NONNULL = YES;
				CLANG_ANALYZER_NUMBER_OBJECT_CONVERSION = YES_AGGRESSIVE;
				CLANG_CXX_LANGUAGE_STANDARD = "gnu++0x";
				CLANG_CXX_LIBRARY = "libc++";
				CLANG_ENABLE_MODULES = YES;
				CLANG_ENABLE_OBJC_ARC = YES;
				CLANG_WARN_BOOL_CONVERSION = YES;
				CLANG_WARN_CONSTANT_CONVERSION = YES;
				CLANG_WARN_DIRECT_OBJC_ISA_USAGE = YES_ERROR;
				CLANG_WARN_DOCUMENTATION_COMMENTS = YES;
				CLANG_WARN_EMPTY_BODY = YES;
				CLANG_WARN_ENUM_CONVERSION = YES;
				CLANG_WARN_INFINITE_RECURSION = YES;
				CLANG_WARN_INT_CONVERSION = YES;
				CLANG_WARN_OBJC_ROOT_CLASS = YES_ERROR;
				CLANG_WARN_SUSPICIOUS_MOVE = YES;
				CLANG_WARN_UNREACHABLE_CODE = YES;
				CLANG_WARN__DUPLICATE_METHOD_MATCH = YES;
				"CODE_SIGN_IDENTITY[sdk=iphoneos*]" = "iPhone Developer";
				COPY_PHASE_STRIP = NO;
				DEBUG_INFORMATION_FORMAT = dwarf;
				ENABLE_STRICT_OBJC_MSGSEND = YES;
				ENABLE_TESTABILITY = YES;
				GCC_C_LANGUAGE_STANDARD = gnu99;
				GCC_DYNAMIC_NO_PIC = NO;
				GCC_NO_COMMON_BLOCKS = YES;
				GCC_OPTIMIZATION_LEVEL = 0;
				GCC_PREPROCESSOR_DEFINITIONS = (
					"DEBUG=1",
					"$(inherited)",
				);
				GCC_WARN_64_TO_32_BIT_CONVERSION = YES;
				GCC_WARN_ABOUT_RETURN_TYPE = YES_ERROR;
				GCC_WARN_UNDECLARED_SELECTOR = YES;
				GCC_WARN_UNINITIALIZED_AUTOS = YES_AGGRESSIVE;
				GCC_WARN_UNUSED_FUNCTION = YES;
				GCC_WARN_UNUSED_VARIABLE = YES;
				IPHONEOS_DEPLOYMENT_TARGET = 10.3;
				MTL_ENABLE_DEBUG_INFO = YES;
				ONLY_ACTIVE_ARCH = YES;
				SDKROOT = iphoneos;
				SWIFT_ACTIVE_COMPILATION_CONDITIONS = DEBUG;
				SWIFT_OPTIMIZATION_LEVEL = "-Onone";
			};
			name = Debug;
		};
		5BE49A7B1F4B7B2000CCF704 /* Release */ = {
			isa = XCBuildConfiguration;
			buildSettings = {
				ALWAYS_SEARCH_USER_PATHS = NO;
				CLANG_ANALYZER_NONNULL = YES;
				CLANG_ANALYZER_NUMBER_OBJECT_CONVERSION = YES_AGGRESSIVE;
				CLANG_CXX_LANGUAGE_STANDARD = "gnu++0x";
				CLANG_CXX_LIBRARY = "libc++";
				CLANG_ENABLE_MODULES = YES;
				CLANG_ENABLE_OBJC_ARC = YES;
				CLANG_WARN_BOOL_CONVERSION = YES;
				CLANG_WARN_CONSTANT_CONVERSION = YES;
				CLANG_WARN_DIRECT_OBJC_ISA_USAGE = YES_ERROR;
				CLANG_WARN_DOCUMENTATION_COMMENTS = YES;
				CLANG_WARN_EMPTY_BODY = YES;
				CLANG_WARN_ENUM_CONVERSION = YES;
				CLANG_WARN_INFINITE_RECURSION = YES;
				CLANG_WARN_INT_CONVERSION = YES;
				CLANG_WARN_OBJC_ROOT_CLASS = YES_ERROR;
				CLANG_WARN_SUSPICIOUS_MOVE = YES;
				CLANG_WARN_UNREACHABLE_CODE = YES;
				CLANG_WARN__DUPLICATE_METHOD_MATCH = YES;
				"CODE_SIGN_IDENTITY[sdk=iphoneos*]" = "iPhone Developer";
				COPY_PHASE_STRIP = NO;
				DEBUG_INFORMATION_FORMAT = "dwarf-with-dsym";
				ENABLE_NS_ASSERTIONS = NO;
				ENABLE_STRICT_OBJC_MSGSEND = YES;
				GCC_C_LANGUAGE_STANDARD = gnu99;
				GCC_NO_COMMON_BLOCKS = YES;
				GCC_WARN_64_TO_32_BIT_CONVERSION = YES;
				GCC_WARN_ABOUT_RETURN_TYPE = YES_ERROR;
				GCC_WARN_UNDECLARED_SELECTOR = YES;
				GCC_WARN_UNINITIALIZED_AUTOS = YES_AGGRESSIVE;
				GCC_WARN_UNUSED_FUNCTION = YES;
				GCC_WARN_UNUSED_VARIABLE = YES;
				IPHONEOS_DEPLOYMENT_TARGET = 10.3;
				MTL_ENABLE_DEBUG_INFO = NO;
				SDKROOT = iphoneos;
				SWIFT_OPTIMIZATION_LEVEL = "-Owholemodule";
				VALIDATE_PRODUCT = YES;
			};
			name = Release;
		};
		5BE49A7D1F4B7B2000CCF704 /* Debug */ = {
			isa = XCBuildConfiguration;
			buildSettings = {
				ASSETCATALOG_COMPILER_APPICON_NAME = AppIcon;
				CLANG_ENABLE_MODULES = YES;
				INFOPLIST_FILE = Knots/Info.plist;
				IPHONEOS_DEPLOYMENT_TARGET = 10.3;
				LD_RUNPATH_SEARCH_PATHS = "$(inherited) @executable_path/Frameworks";
				PRODUCT_BUNDLE_IDENTIFIER = mpht.Knots;
				PRODUCT_NAME = "$(TARGET_NAME)";
				SWIFT_OBJC_BRIDGING_HEADER = "Knots-Bridging-Header.h";
				SWIFT_OPTIMIZATION_LEVEL = "-Onone";
				SWIFT_VERSION = 3.0;
			};
			name = Debug;
		};
		5BE49A7E1F4B7B2000CCF704 /* Release */ = {
			isa = XCBuildConfiguration;
			buildSettings = {
				ASSETCATALOG_COMPILER_APPICON_NAME = AppIcon;
				CLANG_ENABLE_MODULES = YES;
				INFOPLIST_FILE = Knots/Info.plist;
				IPHONEOS_DEPLOYMENT_TARGET = 10.3;
				LD_RUNPATH_SEARCH_PATHS = "$(inherited) @executable_path/Frameworks";
				PRODUCT_BUNDLE_IDENTIFIER = mpht.Knots;
				PRODUCT_NAME = "$(TARGET_NAME)";
				SWIFT_OBJC_BRIDGING_HEADER = "Knots-Bridging-Header.h";
				SWIFT_VERSION = 3.0;
			};
			name = Release;
		};
/* End XCBuildConfiguration section */

/* Begin XCConfigurationList section */
		5BE49A5F1F4B7B2000CCF704 /* Build configuration list for PBXProject "Knots" */ = {
			isa = XCConfigurationList;
			buildConfigurations = (
				5BE49A7A1F4B7B2000CCF704 /* Debug */,
				5BE49A7B1F4B7B2000CCF704 /* Release */,
			);
			defaultConfigurationIsVisible = 0;
			defaultConfigurationName = Release;
		};
		5BE49A7C1F4B7B2000CCF704 /* Build configuration list for PBXNativeTarget "Knots" */ = {
			isa = XCConfigurationList;
			buildConfigurations = (
				5BE49A7D1F4B7B2000CCF704 /* Debug */,
				5BE49A7E1F4B7B2000CCF704 /* Release */,
			);
			defaultConfigurationIsVisible = 0;
			defaultConfigurationName = Release;
		};
/* End XCConfigurationList section */
	};
	rootObject = 5BE49A5C1F4B7B2000CCF704 /* Project object */;
}
